{
    "_meta": {
        "hash": {
            "sha256": "f088239e8c7549b3fb3d6cd24f74cf41e5309daf43d708a0514c064f66cdaf36"
        },
        "pipfile-spec": 6,
        "requires": {
            "python_version": "3.8"
        },
        "sources": [
            {
                "name": "pypi",
                "url": "https://pypi.python.org/simple",
                "verify_ssl": true
            }
        ]
    },
    "default": {
        "twint": {
            "git": "https://github.com/twintproject/twint.git"
        }
    },
    "develop": {}
}
